
Microsoft Visual Studio Solution File, Format Version 12.00
# Visual Studio Version 17
VisualStudioVersion = 17.0.31903.59
MinimumVisualStudioVersion = 10.0.40219.1
Project("{FAE04EC0-301F-11D3-BF4B-00C04F79EFBC}") = "AspireApp.AppHost", "AspireApp.AppHost\AspireApp.AppHost.csproj", "{BC5029AE-C33F-4E69-8E12-13144D8B5E62}"
EndProject
Project("{FAE04EC0-301F-11D3-BF4B-00C04F79EFBC}") = "AspireApp.ServiceDefaults", "AspireApp.ServiceDefaults\AspireApp.ServiceDefaults.csproj", "{C86A0321-13F6-4533-A55F-5AC20D420AF6}"
EndProject
Project("{FAE04EC0-301F-11D3-BF4B-00C04F79EFBC}") = "AspireApp.ApiService", "AspireApp.ApiService\AspireApp.ApiService.csproj", "{7B416D60-6AFC-4DE9-9FC7-303429A2B8B5}"
EndProject
Project("{FAE04EC0-301F-11D3-BF4B-00C04F79EFBC}") = "AspireApp.Web", "AspireApp.Web\AspireApp.Web.csproj", "{F73B8274-179F-4A60-BDFE-7B4790B81C3A}"
EndProject
Project("{FAE04EC0-301F-11D3-BF4B-00C04F79EFBC}") = "AuthService", "AuthService\AuthService.csproj", "{FDE299BE-E6E5-42D0-A343-79DC80E43E33}"
EndProject
Project("{FAE04EC0-301F-11D3-BF4B-00C04F79EFBC}") = "AccountService", "AccountService\AccountService.csproj", "{96DD125D-B01F-414E-8838-AA3107C11029}"
EndProject
Project("{2150E333-8FDC-42A3-9474-1A3956D46DE8}") = "Database", "Database", "{E0096E63-5207-411F-2649-837654E3C58A}"
EndProject
Project("{FAE04EC0-301F-11D3-BF4B-00C04F79EFBC}") = "SqlServer", "Database\SqlServer\SqlServer.csproj", "{F38C0E75-DE72-4F12-AE68-53CBC645A3CC}"
EndProject
Project("{FAE04EC0-301F-11D3-BF4B-00C04F79EFBC}") = "PSQL", "Database\PSQL\PSQL.csproj", "{AE8498F0-D76F-4C3A-8717-B101F6442762}"
EndProject
Project("{FAE04EC0-301F-11D3-BF4B-00C04F79EFBC}") = "SQLite", "Database\SQLite\SQLite.csproj", "{359556F7-2395-4F6A-841C-B0872C0DFB54}"
EndProject
Project("{FAE04EC0-301F-11D3-BF4B-00C04F79EFBC}") = "OracleDb", "OracleDb\OracleDb.csproj", "{6B8070B4-CE43-42FA-8F92-32AC6053D47D}"
EndProject
Global
	GlobalSection(SolutionConfigurationPlatforms) = preSolution
		Debug|Any CPU = Debug|Any CPU
		Debug|x64 = Debug|x64
		Debug|x86 = Debug|x86
		Release|Any CPU = Release|Any CPU
		Release|x64 = Release|x64
		Release|x86 = Release|x86
	EndGlobalSection
	GlobalSection(ProjectConfigurationPlatforms) = postSolution
		{BC5029AE-C33F-4E69-8E12-13144D8B5E62}.Debug|Any CPU.ActiveCfg = Debug|Any CPU
		{BC5029AE-C33F-4E69-8E12-13144D8B5E62}.Debug|Any CPU.Build.0 = Debug|Any CPU
		{BC5029AE-C33F-4E69-8E12-13144D8B5E62}.Debug|x64.ActiveCfg = Debug|Any CPU
		{BC5029AE-C33F-4E69-8E12-13144D8B5E62}.Debug|x64.Build.0 = Debug|Any CPU
		{BC5029AE-C33F-4E69-8E12-13144D8B5E62}.Debug|x86.ActiveCfg = Debug|Any CPU
		{BC5029AE-C33F-4E69-8E12-13144D8B5E62}.Debug|x86.Build.0 = Debug|Any CPU
		{BC5029AE-C33F-4E69-8E12-13144D8B5E62}.Release|Any CPU.ActiveCfg = Release|Any CPU
		{BC5029AE-C33F-4E69-8E12-13144D8B5E62}.Release|Any CPU.Build.0 = Release|Any CPU
		{BC5029AE-C33F-4E69-8E12-13144D8B5E62}.Release|x64.ActiveCfg = Release|Any CPU
		{BC5029AE-C33F-4E69-8E12-13144D8B5E62}.Release|x64.Build.0 = Release|Any CPU
		{BC5029AE-C33F-4E69-8E12-13144D8B5E62}.Release|x86.ActiveCfg = Release|Any CPU
		{BC5029AE-C33F-4E69-8E12-13144D8B5E62}.Release|x86.Build.0 = Release|Any CPU
		{C86A0321-13F6-4533-A55F-5AC20D420AF6}.Debug|Any CPU.ActiveCfg = Debug|Any CPU
		{C86A0321-13F6-4533-A55F-5AC20D420AF6}.Debug|Any CPU.Build.0 = Debug|Any CPU
		{C86A0321-13F6-4533-A55F-5AC20D420AF6}.Debug|x64.ActiveCfg = Debug|Any CPU
		{C86A0321-13F6-4533-A55F-5AC20D420AF6}.Debug|x64.Build.0 = Debug|Any CPU
		{C86A0321-13F6-4533-A55F-5AC20D420AF6}.Debug|x86.ActiveCfg = Debug|Any CPU
		{C86A0321-13F6-4533-A55F-5AC20D420AF6}.Debug|x86.Build.0 = Debug|Any CPU
		{C86A0321-13F6-4533-A55F-5AC20D420AF6}.Release|Any CPU.ActiveCfg = Release|Any CPU
		{C86A0321-13F6-4533-A55F-5AC20D420AF6}.Release|Any CPU.Build.0 = Release|Any CPU
		{C86A0321-13F6-4533-A55F-5AC20D420AF6}.Release|x64.ActiveCfg = Release|Any CPU
		{C86A0321-13F6-4533-A55F-5AC20D420AF6}.Release|x64.Build.0 = Release|Any CPU
		{C86A0321-13F6-4533-A55F-5AC20D420AF6}.Release|x86.ActiveCfg = Release|Any CPU
		{C86A0321-13F6-4533-A55F-5AC20D420AF6}.Release|x86.Build.0 = Release|Any CPU
		{7B416D60-6AFC-4DE9-9FC7-303429A2B8B5}.Debug|Any CPU.ActiveCfg = Debug|Any CPU
		{7B416D60-6AFC-4DE9-9FC7-303429A2B8B5}.Debug|Any CPU.Build.0 = Debug|Any CPU
		{7B416D60-6AFC-4DE9-9FC7-303429A2B8B5}.Debug|x64.ActiveCfg = Debug|Any CPU
		{7B416D60-6AFC-4DE9-9FC7-303429A2B8B5}.Debug|x64.Build.0 = Debug|Any CPU
		{7B416D60-6AFC-4DE9-9FC7-303429A2B8B5}.Debug|x86.ActiveCfg = Debug|Any CPU
		{7B416D60-6AFC-4DE9-9FC7-303429A2B8B5}.Debug|x86.Build.0 = Debug|Any CPU
		{7B416D60-6AFC-4DE9-9FC7-303429A2B8B5}.Release|Any CPU.ActiveCfg = Release|Any CPU
		{7B416D60-6AFC-4DE9-9FC7-303429A2B8B5}.Release|Any CPU.Build.0 = Release|Any CPU
		{7B416D60-6AFC-4DE9-9FC7-303429A2B8B5}.Release|x64.ActiveCfg = Release|Any CPU
		{7B416D60-6AFC-4DE9-9FC7-303429A2B8B5}.Release|x64.Build.0 = Release|Any CPU
		{7B416D60-6AFC-4DE9-9FC7-303429A2B8B5}.Release|x86.ActiveCfg = Release|Any CPU
		{7B416D60-6AFC-4DE9-9FC7-303429A2B8B5}.Release|x86.Build.0 = Release|Any CPU
		{F73B8274-179F-4A60-BDFE-7B4790B81C3A}.Debug|Any CPU.ActiveCfg = Debug|Any CPU
		{F73B8274-179F-4A60-BDFE-7B4790B81C3A}.Debug|Any CPU.Build.0 = Debug|Any CPU
		{F73B8274-179F-4A60-BDFE-7B4790B81C3A}.Debug|x64.ActiveCfg = Debug|Any CPU
		{F73B8274-179F-4A60-BDFE-7B4790B81C3A}.Debug|x64.Build.0 = Debug|Any CPU
		{F73B8274-179F-4A60-BDFE-7B4790B81C3A}.Debug|x86.ActiveCfg = Debug|Any CPU
		{F73B8274-179F-4A60-BDFE-7B4790B81C3A}.Debug|x86.Build.0 = Debug|Any CPU
		{F73B8274-179F-4A60-BDFE-7B4790B81C3A}.Release|Any CPU.ActiveCfg = Release|Any CPU
		{F73B8274-179F-4A60-BDFE-7B4790B81C3A}.Release|Any CPU.Build.0 = Release|Any CPU
		{F73B8274-179F-4A60-BDFE-7B4790B81C3A}.Release|x64.ActiveCfg = Release|Any CPU
		{F73B8274-179F-4A60-BDFE-7B4790B81C3A}.Release|x64.Build.0 = Release|Any CPU
		{F73B8274-179F-4A60-BDFE-7B4790B81C3A}.Release|x86.ActiveCfg = Release|Any CPU
		{F73B8274-179F-4A60-BDFE-7B4790B81C3A}.Release|x86.Build.0 = Release|Any CPU
		{FDE299BE-E6E5-42D0-A343-79DC80E43E33}.Debug|Any CPU.ActiveCfg = Debug|Any CPU
		{FDE299BE-E6E5-42D0-A343-79DC80E43E33}.Debug|Any CPU.Build.0 = Debug|Any CPU
		{FDE299BE-E6E5-42D0-A343-79DC80E43E33}.Debug|x64.ActiveCfg = Debug|Any CPU
		{FDE299BE-E6E5-42D0-A343-79DC80E43E33}.Debug|x64.Build.0 = Debug|Any CPU
		{FDE299BE-E6E5-42D0-A343-79DC80E43E33}.Debug|x86.ActiveCfg = Debug|Any CPU
		{FDE299BE-E6E5-42D0-A343-79DC80E43E33}.Debug|x86.Build.0 = Debug|Any CPU
		{FDE299BE-E6E5-42D0-A343-79DC80E43E33}.Release|Any CPU.ActiveCfg = Release|Any CPU
		{FDE299BE-E6E5-42D0-A343-79DC80E43E33}.Release|Any CPU.Build.0 = Release|Any CPU
		{FDE299BE-E6E5-42D0-A343-79DC80E43E33}.Release|x64.ActiveCfg = Release|Any CPU
		{FDE299BE-E6E5-42D0-A343-79DC80E43E33}.Release|x64.Build.0 = Release|Any CPU
		{FDE299BE-E6E5-42D0-A343-79DC80E43E33}.Release|x86.ActiveCfg = Release|Any CPU
		{FDE299BE-E6E5-42D0-A343-79DC80E43E33}.Release|x86.Build.0 = Release|Any CPU
		{96DD125D-B01F-414E-8838-AA3107C11029}.Debug|Any CPU.ActiveCfg = Debug|Any CPU
		{96DD125D-B01F-414E-8838-AA3107C11029}.Debug|Any CPU.Build.0 = Debug|Any CPU
		{96DD125D-B01F-414E-8838-AA3107C11029}.Debug|x64.ActiveCfg = Debug|Any CPU
		{96DD125D-B01F-414E-8838-AA3107C11029}.Debug|x64.Build.0 = Debug|Any CPU
		{96DD125D-B01F-414E-8838-AA3107C11029}.Debug|x86.ActiveCfg = Debug|Any CPU
		{96DD125D-B01F-414E-8838-AA3107C11029}.Debug|x86.Build.0 = Debug|Any CPU
		{96DD125D-B01F-414E-8838-AA3107C11029}.Release|Any CPU.ActiveCfg = Release|Any CPU
		{96DD125D-B01F-414E-8838-AA3107C11029}.Release|Any CPU.Build.0 = Release|Any CPU
		{96DD125D-B01F-414E-8838-AA3107C11029}.Release|x64.ActiveCfg = Release|Any CPU
		{96DD125D-B01F-414E-8838-AA3107C11029}.Release|x64.Build.0 = Release|Any CPU
		{96DD125D-B01F-414E-8838-AA3107C11029}.Release|x86.ActiveCfg = Release|Any CPU
		{96DD125D-B01F-414E-8838-AA3107C11029}.Release|x86.Build.0 = Release|Any CPU
		{F38C0E75-DE72-4F12-AE68-53CBC645A3CC}.Debug|Any CPU.ActiveCfg = Debug|Any CPU
		{F38C0E75-DE72-4F12-AE68-53CBC645A3CC}.Debug|Any CPU.Build.0 = Debug|Any CPU
		{F38C0E75-DE72-4F12-AE68-53CBC645A3CC}.Debug|x64.ActiveCfg = Debug|Any CPU
		{F38C0E75-DE72-4F12-AE68-53CBC645A3CC}.Debug|x64.Build.0 = Debug|Any CPU
		{F38C0E75-DE72-4F12-AE68-53CBC645A3CC}.Debug|x86.ActiveCfg = Debug|Any CPU
		{F38C0E75-DE72-4F12-AE68-53CBC645A3CC}.Debug|x86.Build.0 = Debug|Any CPU
		{F38C0E75-DE72-4F12-AE68-53CBC645A3CC}.Release|Any CPU.ActiveCfg = Release|Any CPU
		{F38C0E75-DE72-4F12-AE68-53CBC645A3CC}.Release|Any CPU.Build.0 = Release|Any CPU
		{F38C0E75-DE72-4F12-AE68-53CBC645A3CC}.Release|x64.ActiveCfg = Release|Any CPU
		{F38C0E75-DE72-4F12-AE68-53CBC645A3CC}.Release|x64.Build.0 = Release|Any CPU
		{F38C0E75-DE72-4F12-AE68-53CBC645A3CC}.Release|x86.ActiveCfg = Release|Any CPU
		{F38C0E75-DE72-4F12-AE68-53CBC645A3CC}.Release|x86.Build.0 = Release|Any CPU
		{AE8498F0-D76F-4C3A-8717-B101F6442762}.Debug|Any CPU.ActiveCfg = Debug|Any CPU
		{AE8498F0-D76F-4C3A-8717-B101F6442762}.Debug|Any CPU.Build.0 = Debug|Any CPU
		{AE8498F0-D76F-4C3A-8717-B101F6442762}.Debug|x64.ActiveCfg = Debug|Any CPU
		{AE8498F0-D76F-4C3A-8717-B101F6442762}.Debug|x64.Build.0 = Debug|Any CPU
		{AE8498F0-D76F-4C3A-8717-B101F6442762}.Debug|x86.ActiveCfg = Debug|Any CPU
		{AE8498F0-D76F-4C3A-8717-B101F6442762}.Debug|x86.Build.0 = Debug|Any CPU
		{AE8498F0-D76F-4C3A-8717-B101F6442762}.Release|Any CPU.ActiveCfg = Release|Any CPU
		{AE8498F0-D76F-4C3A-8717-B101F6442762}.Release|Any CPU.Build.0 = Release|Any CPU
		{AE8498F0-D76F-4C3A-8717-B101F6442762}.Release|x64.ActiveCfg = Release|Any CPU
		{AE8498F0-D76F-4C3A-8717-B101F6442762}.Release|x64.Build.0 = Release|Any CPU
		{AE8498F0-D76F-4C3A-8717-B101F6442762}.Release|x86.ActiveCfg = Release|Any CPU
		{AE8498F0-D76F-4C3A-8717-B101F6442762}.Release|x86.Build.0 = Release|Any CPU
		{359556F7-2395-4F6A-841C-B0872C0DFB54}.Debug|Any CPU.ActiveCfg = Debug|Any CPU
		{359556F7-2395-4F6A-841C-B0872C0DFB54}.Debug|Any CPU.Build.0 = Debug|Any CPU
		{359556F7-2395-4F6A-841C-B0872C0DFB54}.Debug|x64.ActiveCfg = Debug|Any CPU
		{359556F7-2395-4F6A-841C-B0872C0DFB54}.Debug|x64.Build.0 = Debug|Any CPU
		{359556F7-2395-4F6A-841C-B0872C0DFB54}.Debug|x86.ActiveCfg = Debug|Any CPU
		{359556F7-2395-4F6A-841C-B0872C0DFB54}.Debug|x86.Build.0 = Debug|Any CPU
		{359556F7-2395-4F6A-841C-B0872C0DFB54}.Release|Any CPU.ActiveCfg = Release|Any CPU
		{359556F7-2395-4F6A-841C-B0872C0DFB54}.Release|Any CPU.Build.0 = Release|Any CPU
		{359556F7-2395-4F6A-841C-B0872C0DFB54}.Release|x64.ActiveCfg = Release|Any CPU
		{359556F7-2395-4F6A-841C-B0872C0DFB54}.Release|x64.Build.0 = Release|Any CPU
		{359556F7-2395-4F6A-841C-B0872C0DFB54}.Release|x86.ActiveCfg = Release|Any CPU
		{359556F7-2395-4F6A-841C-B0872C0DFB54}.Release|x86.Build.0 = Release|Any CPU
		{6B8070B4-CE43-42FA-8F92-32AC6053D47D}.Debug|Any CPU.ActiveCfg = Debug|Any CPU
		{6B8070B4-CE43-42FA-8F92-32AC6053D47D}.Debug|Any CPU.Build.0 = Debug|Any CPU
		{6B8070B4-CE43-42FA-8F92-32AC6053D47D}.Debug|x64.ActiveCfg = Debug|Any CPU
		{6B8070B4-CE43-42FA-8F92-32AC6053D47D}.Debug|x64.Build.0 = Debug|Any CPU
		{6B8070B4-CE43-42FA-8F92-32AC6053D47D}.Debug|x86.ActiveCfg = Debug|Any CPU
		{6B8070B4-CE43-42FA-8F92-32AC6053D47D}.Debug|x86.Build.0 = Debug|Any CPU
		{6B8070B4-CE43-42FA-8F92-32AC6053D47D}.Release|Any CPU.ActiveCfg = Release|Any CPU
		{6B8070B4-CE43-42FA-8F92-32AC6053D47D}.Release|Any CPU.Build.0 = Release|Any CPU
		{6B8070B4-CE43-42FA-8F92-32AC6053D47D}.Release|x64.ActiveCfg = Release|Any CPU
		{6B8070B4-CE43-42FA-8F92-32AC6053D47D}.Release|x64.Build.0 = Release|Any CPU
		{6B8070B4-CE43-42FA-8F92-32AC6053D47D}.Release|x86.ActiveCfg = Release|Any CPU
		{6B8070B4-CE43-42FA-8F92-32AC6053D47D}.Release|x86.Build.0 = Release|Any CPU
	EndGlobalSection
	GlobalSection(SolutionProperties) = preSolution
		HideSolutionNode = FALSE
	EndGlobalSection
	GlobalSection(NestedProjects) = preSolution
		{F38C0E75-DE72-4F12-AE68-53CBC645A3CC} = {E0096E63-5207-411F-2649-837654E3C58A}
		{AE8498F0-D76F-4C3A-8717-B101F6442762} = {E0096E63-5207-411F-2649-837654E3C58A}
		{359556F7-2395-4F6A-841C-B0872C0DFB54} = {E0096E63-5207-411F-2649-837654E3C58A}
	EndGlobalSection
EndGlobal
